Microsoft Visual Studio Solution File, Format Version 11.00
# Visual Studio 2008

Project("{9F76421A-53E9-612B-874B-6D6951D8329A}") = "Candy Rain", "Assembly-CSharp-vs.csproj", "{C67058EF-C494-C972-CF0B-B35C992996DB}"
EndProject
Global
	GlobalSection(SolutionConfigurationPlatforms) = preSolution
		Debug|Any CPU = Debug|Any CPU
		Release|Any CPU = Release|Any CPU
	EndGlobalSection
	GlobalSection(ProjectConfigurationPlatforms) = postSolution
		{C67058EF-C494-C972-CF0B-B35C992996DB}.Debug|Any CPU.ActiveCfg = Debug|Any CPU
		{C67058EF-C494-C972-CF0B-B35C992996DB}.Debug|Any CPU.Build.0 = Debug|Any CPU
		{C67058EF-C494-C972-CF0B-B35C992996DB}.Release|Any CPU.ActiveCfg = Release|Any CPU
		{C67058EF-C494-C972-CF0B-B35C992996DB}.Release|Any CPU.Build.0 = Release|Any CPU
	EndGlobalSection
	GlobalSection(SolutionProperties) = preSolution
		HideSolutionNode = FALSE
	EndGlobalSection
																																																																																												GlobalSection(MonoDevelopProperties) = preSolution
		StartupItem = Assembly-CSharp.csproj
		Policies = $0
		$0.TextStylePolicy = $1
		$1.inheritsSet = null
		$1.scope = text/x-csharp
		$0.CSharpFormattingPolicy = $2
		$2.inheritsSet = Mono
		$2.inheritsScope = text/x-csharp
		$2.scope = text/x-csharp
		$0.TextStylePolicy = $3
		$3.FileWidth = 120
		$3.TabWidth = 4
		$3.EolMarker = Unix
		$3.inheritsSet = Mono
		$3.inheritsScope = text/plain
		$3.scope = text/plain
	EndGlobalSection

EndGlobal
